
Microsoft Visual Studio Solution File, Format Version 12.00
# Visual Studio 15
Project("{FAE04EC0-301F-11D3-BF4B-00C04F79EFBC}") = "probe.Android", "probe.Android\probe.Android.csproj", "{9AC1DA26-5926-4090-82E7-03F4E77D14E2}"
EndProject
Project("{FAE04EC0-301F-11D3-BF4B-00C04F79EFBC}") = "probe.iOS", "probe.iOS\probe.iOS.csproj", "{BC3CACDF-34CC-41A3-959B-E8F4EDA08D77}"
EndProject
Project("{FAE04EC0-301F-11D3-BF4B-00C04F79EFBC}") = "probe", "probe\probe.csproj", "{41806315-92C2-4325-A16A-6A2935ABCE5A}"
EndProject
Global
	GlobalSection(SolutionConfigurationPlatforms) = preSolution
		Debug|Any CPU = Debug|Any CPU
		Release|Any CPU = Release|Any CPU
		Debug|iPhoneSimulator = Debug|iPhoneSimulator
		Release|iPhoneSimulator = Release|iPhoneSimulator
		Debug|iPhone = Debug|iPhone
		Release|iPhone = Release|iPhone
		Ad-Hoc|iPhone = Ad-Hoc|iPhone
		AppStore|iPhone = AppStore|iPhone
	EndGlobalSection
	GlobalSection(ProjectConfigurationPlatforms) = postSolution
		{9AC1DA26-5926-4090-82E7-03F4E77D14E2}.Debug|Any CPU.ActiveCfg = Debug|Any CPU
		{9AC1DA26-5926-4090-82E7-03F4E77D14E2}.Debug|Any CPU.Build.0 = Debug|Any CPU
		{9AC1DA26-5926-4090-82E7-03F4E77D14E2}.Release|Any CPU.ActiveCfg = Release|Any CPU
		{9AC1DA26-5926-4090-82E7-03F4E77D14E2}.Release|Any CPU.Build.0 = Release|Any CPU
		{9AC1DA26-5926-4090-82E7-03F4E77D14E2}.Debug|iPhoneSimulator.ActiveCfg = Debug|Any CPU
		{9AC1DA26-5926-4090-82E7-03F4E77D14E2}.Debug|iPhoneSimulator.Build.0 = Debug|Any CPU
		{9AC1DA26-5926-4090-82E7-03F4E77D14E2}.Release|iPhoneSimulator.ActiveCfg = Release|Any CPU
		{9AC1DA26-5926-4090-82E7-03F4E77D14E2}.Release|iPhoneSimulator.Build.0 = Release|Any CPU
		{9AC1DA26-5926-4090-82E7-03F4E77D14E2}.Debug|iPhone.ActiveCfg = Debug|Any CPU
		{9AC1DA26-5926-4090-82E7-03F4E77D14E2}.Debug|iPhone.Build.0 = Debug|Any CPU
		{9AC1DA26-5926-4090-82E7-03F4E77D14E2}.Release|iPhone.ActiveCfg = Release|Any CPU
		{9AC1DA26-5926-4090-82E7-03F4E77D14E2}.Release|iPhone.Build.0 = Release|Any CPU
		{9AC1DA26-5926-4090-82E7-03F4E77D14E2}.Ad-Hoc|iPhone.ActiveCfg = Debug|Any CPU
		{9AC1DA26-5926-4090-82E7-03F4E77D14E2}.Ad-Hoc|iPhone.Build.0 = Debug|Any CPU
		{9AC1DA26-5926-4090-82E7-03F4E77D14E2}.AppStore|iPhone.ActiveCfg = Debug|Any CPU
		{9AC1DA26-5926-4090-82E7-03F4E77D14E2}.AppStore|iPhone.Build.0 = Debug|Any CPU
		{BC3CACDF-34CC-41A3-959B-E8F4EDA08D77}.Debug|Any CPU.ActiveCfg = Debug|iPhoneSimulator
		{BC3CACDF-34CC-41A3-959B-E8F4EDA08D77}.Debug|Any CPU.Build.0 = Debug|iPhoneSimulator
		{BC3CACDF-34CC-41A3-959B-E8F4EDA08D77}.Release|Any CPU.ActiveCfg = Release|iPhoneSimulator
		{BC3CACDF-34CC-41A3-959B-E8F4EDA08D77}.Release|Any CPU.Build.0 = Release|iPhoneSimulator
		{BC3CACDF-34CC-41A3-959B-E8F4EDA08D77}.Debug|iPhoneSimulator.ActiveCfg = Debug|iPhoneSimulator
		{BC3CACDF-34CC-41A3-959B-E8F4EDA08D77}.Debug|iPhoneSimulator.Build.0 = Debug|iPhoneSimulator
		{BC3CACDF-34CC-41A3-959B-E8F4EDA08D77}.Release|iPhoneSimulator.ActiveCfg = Release|iPhoneSimulator
		{BC3CACDF-34CC-41A3-959B-E8F4EDA08D77}.Release|iPhoneSimulator.Build.0 = Release|iPhoneSimulator
		{BC3CACDF-34CC-41A3-959B-E8F4EDA08D77}.Debug|iPhone.ActiveCfg = Debug|iPhone
		{BC3CACDF-34CC-41A3-959B-E8F4EDA08D77}.Debug|iPhone.Build.0 = Debug|iPhone
		{BC3CACDF-34CC-41A3-959B-E8F4EDA08D77}.Release|iPhone.ActiveCfg = Release|iPhone
		{BC3CACDF-34CC-41A3-959B-E8F4EDA08D77}.Release|iPhone.Build.0 = Release|iPhone
		{BC3CACDF-34CC-41A3-959B-E8F4EDA08D77}.Ad-Hoc|iPhone.ActiveCfg = Ad-Hoc|iPhone
		{BC3CACDF-34CC-41A3-959B-E8F4EDA08D77}.Ad-Hoc|iPhone.Build.0 = Ad-Hoc|iPhone
		{BC3CACDF-34CC-41A3-959B-E8F4EDA08D77}.AppStore|iPhone.ActiveCfg = AppStore|iPhone
		{BC3CACDF-34CC-41A3-959B-E8F4EDA08D77}.AppStore|iPhone.Build.0 = AppStore|iPhone
		{41806315-92C2-4325-A16A-6A2935ABCE5A}.Debug|Any CPU.ActiveCfg = Debug|Any CPU
		{41806315-92C2-4325-A16A-6A2935ABCE5A}.Debug|Any CPU.Build.0 = Debug|Any CPU
		{41806315-92C2-4325-A16A-6A2935ABCE5A}.Release|Any CPU.ActiveCfg = Release|Any CPU
		{41806315-92C2-4325-A16A-6A2935ABCE5A}.Release|Any CPU.Build.0 = Release|Any CPU
		{41806315-92C2-4325-A16A-6A2935ABCE5A}.Debug|iPhoneSimulator.ActiveCfg = Debug|Any CPU
		{41806315-92C2-4325-A16A-6A2935ABCE5A}.Debug|iPhoneSimulator.Build.0 = Debug|Any CPU
		{41806315-92C2-4325-A16A-6A2935ABCE5A}.Release|iPhoneSimulator.ActiveCfg = Release|Any CPU
		{41806315-92C2-4325-A16A-6A2935ABCE5A}.Release|iPhoneSimulator.Build.0 = Release|Any CPU
		{41806315-92C2-4325-A16A-6A2935ABCE5A}.Debug|iPhone.ActiveCfg = Debug|Any CPU
		{41806315-92C2-4325-A16A-6A2935ABCE5A}.Debug|iPhone.Build.0 = Debug|Any CPU
		{41806315-92C2-4325-A16A-6A2935ABCE5A}.Release|iPhone.ActiveCfg = Release|Any CPU
		{41806315-92C2-4325-A16A-6A2935ABCE5A}.Release|iPhone.Build.0 = Release|Any CPU
		{41806315-92C2-4325-A16A-6A2935ABCE5A}.Ad-Hoc|iPhone.ActiveCfg = Debug|Any CPU
		{41806315-92C2-4325-A16A-6A2935ABCE5A}.Ad-Hoc|iPhone.Build.0 = Debug|Any CPU
		{41806315-92C2-4325-A16A-6A2935ABCE5A}.AppStore|iPhone.ActiveCfg = Debug|Any CPU
		{41806315-92C2-4325-A16A-6A2935ABCE5A}.AppStore|iPhone.Build.0 = Debug|Any CPU
	EndGlobalSection
EndGlobal
